
Microsoft Visual Studio Solution File, Format Version 12.00
# Visual Studio Version 16
VisualStudioVersion = 16.0.31313.79
MinimumVisualStudioVersion = 10.0.40219.1
Project("{9A19103F-16F7-4668-BE54-9A1E7A4F7556}") = "FancyCalculator", "FancyCalculator\FancyCalculator.csproj", "{E3A4687D-1B93-4CC0-B447-0E0ADD39E33D}"
EndProject
Project("{9A19103F-16F7-4668-BE54-9A1E7A4F7556}") = "CalculatorCore", "CalculatorCore\CalculatorCore.csproj", "{549B8795-4CB2-439E-8450-2A72348A0085}"
EndProject
Project("{9A19103F-16F7-4668-BE54-9A1E7A4F7556}") = "TestableCalculatorRunner", "TestableCalculatorRunner\TestableCalculatorRunner.csproj", "{8A9B185E-829E-431B-A576-059043B6F224}"
EndProject
Project("{9A19103F-16F7-4668-BE54-9A1E7A4F7556}") = "CalculatorCore.Tests", "CalculatorCore.Tests\CalculatorCore.Tests.csproj", "{214E42B1-7751-4354-B804-692FD51D5DC2}"
EndProject
Project("{FAE04EC0-301F-11D3-BF4B-00C04F79EFBC}") = "CalculatorWebApp", "CalculatorWebApp\CalculatorWebApp.csproj", "{03FCEA99-DD6C-4AB9-B168-33B863BED957}"
EndProject
Global
	GlobalSection(SolutionConfigurationPlatforms) = preSolution
		Debug|Any CPU = Debug|Any CPU
		Release|Any CPU = Release|Any CPU
	EndGlobalSection
	GlobalSection(ProjectConfigurationPlatforms) = postSolution
		{E3A4687D-1B93-4CC0-B447-0E0ADD39E33D}.Debug|Any CPU.ActiveCfg = Debug|Any CPU
		{E3A4687D-1B93-4CC0-B447-0E0ADD39E33D}.Debug|Any CPU.Build.0 = Debug|Any CPU
		{E3A4687D-1B93-4CC0-B447-0E0ADD39E33D}.Release|Any CPU.ActiveCfg = Release|Any CPU
		{E3A4687D-1B93-4CC0-B447-0E0ADD39E33D}.Release|Any CPU.Build.0 = Release|Any CPU
		{549B8795-4CB2-439E-8450-2A72348A0085}.Debug|Any CPU.ActiveCfg = Debug|Any CPU
		{549B8795-4CB2-439E-8450-2A72348A0085}.Debug|Any CPU.Build.0 = Debug|Any CPU
		{549B8795-4CB2-439E-8450-2A72348A0085}.Release|Any CPU.ActiveCfg = Release|Any CPU
		{549B8795-4CB2-439E-8450-2A72348A0085}.Release|Any CPU.Build.0 = Release|Any CPU
		{8A9B185E-829E-431B-A576-059043B6F224}.Debug|Any CPU.ActiveCfg = Debug|Any CPU
		{8A9B185E-829E-431B-A576-059043B6F224}.Debug|Any CPU.Build.0 = Debug|Any CPU
		{8A9B185E-829E-431B-A576-059043B6F224}.Release|Any CPU.ActiveCfg = Release|Any CPU
		{8A9B185E-829E-431B-A576-059043B6F224}.Release|Any CPU.Build.0 = Release|Any CPU
		{214E42B1-7751-4354-B804-692FD51D5DC2}.Debug|Any CPU.ActiveCfg = Debug|Any CPU
		{214E42B1-7751-4354-B804-692FD51D5DC2}.Debug|Any CPU.Build.0 = Debug|Any CPU
		{214E42B1-7751-4354-B804-692FD51D5DC2}.Release|Any CPU.ActiveCfg = Release|Any CPU
		{214E42B1-7751-4354-B804-692FD51D5DC2}.Release|Any CPU.Build.0 = Release|Any CPU
		{03FCEA99-DD6C-4AB9-B168-33B863BED957}.Debug|Any CPU.ActiveCfg = Debug|Any CPU
		{03FCEA99-DD6C-4AB9-B168-33B863BED957}.Debug|Any CPU.Build.0 = Debug|Any CPU
		{03FCEA99-DD6C-4AB9-B168-33B863BED957}.Release|Any CPU.ActiveCfg = Release|Any CPU
		{03FCEA99-DD6C-4AB9-B168-33B863BED957}.Release|Any CPU.Build.0 = Release|Any CPU
	EndGlobalSection
	GlobalSection(SolutionProperties) = preSolution
		HideSolutionNode = FALSE
	EndGlobalSection
	GlobalSection(ExtensibilityGlobals) = postSolution
		SolutionGuid = {33AB1FD9-5236-4285-87C4-6B84286E58AB}
	EndGlobalSection
EndGlobal
